{
  "name": "self-jam-extension",
  "version": "1.0.0",
  "lockfileVersion": 3,
  "requires": true,
  "packages": {
    "": {
      "name": "self-jam-extension",
      "version": "1.0.0",
      "dependencies": {
        "fflate": "^0.8.2",
        "rrweb": "^2.0.0-alpha.17"
      }
    },
    "node_modules/@rrweb/types": {
      "version": "2.0.0-alpha.20",
      "resolved": "https://registry.npmjs.org/@rrweb/types/-/types-2.0.0-alpha.20.tgz",
      "integrity": "sha512-RbnDgKxA/odwB1R4gF7eUUj+rdSrq6ROQJsnMw7MIsGzlbSYvJeZN8YY4XqU0G6sKJvXI6bSzk7w/G94jNwzhw=="
    },
    "node_modules/@rrweb/utils": {
      "version": "2.0.0-alpha.20",
      "resolved": "https://registry.npmjs.org/@rrweb/utils/-/utils-2.0.0-alpha.20.tgz",
      "integrity": "sha512-MTQOmhPRe39C0fYaCnnVYOufQsyGzwNXpUStKiyFSfGLUJrzuwhbRoUAKR5w6W2j5XuA0bIz3ZDIBztkquOhLw=="
    },
    "node_modules/@types/css-font-loading-module": {
      "version": "0.0.7",
      "resolved": "https://registry.npmjs.org/@types/css-font-loading-module/-/css-font-loading-module-0.0.7.tgz",
      "integrity": "sha512-nl09VhutdjINdWyXxHWN/w9zlNCfr60JUqJbd24YXUuCwgeL0TpFSdElCwb6cxfB6ybE19Gjj4g0jsgkXxKv1Q=="
    },
    "node_modules/@xstate/fsm": {
      "version": "1.6.5",
      "resolved": "https://registry.npmjs.org/@xstate/fsm/-/fsm-1.6.5.tgz",
      "integrity": "sha512-b5o1I6aLNeYlU/3CPlj/Z91ybk1gUsKT+5NAJI+2W4UjvS5KLG28K9v5UvNoFVjHV8PajVZ00RH3vnjyQO7ZAw=="
    },
    "node_modules/base64-arraybuffer": {
      "version": "1.0.2",
      "resolved": "https://registry.npmjs.org/base64-arraybuffer/-/base64-arraybuffer-1.0.2.tgz",
      "integrity": "sha512-I3yl4r9QB5ZRY3XuJVEPfc2XhZO6YweFPI+UovAzn+8/hb3oJ6lnysaFcjVpkCPfVWFUDvoZ8kmVDP7WyRtYtQ==",
      "engines": {
        "node": ">= 0.6.0"
      }
    },
    "node_modules/fflate": {
      "version": "0.8.2",
      "resolved": "https://registry.npmjs.org/fflate/-/fflate-0.8.2.tgz",
      "integrity": "sha512-cPJU47OaAoCbg0pBvzsgpTPhmhqI5eJjh/JIu8tPj5q+T7iLvW/JAYUqmE7KOB4R1ZyEhzBaIQpQpardBF5z8A=="
    },
    "node_modules/mitt": {
      "version": "3.0.1",
      "resolved": "https://registry.npmjs.org/mitt/-/mitt-3.0.1.tgz",
      "integrity": "sha512-vKivATfr97l2/QBCYAkXYDbrIWPM2IIKEl7YPhjCvKlG3kE2gm+uBo6nEXK3M5/Ffh/FLpKExzOQ3JJoJGFKBw=="
    },
    "node_modules/nanoid": {
      "version": "3.3.11",
      "resolved": "https://registry.npmjs.org/nanoid/-/nanoid-3.3.11.tgz",
      "integrity": "sha512-N8SpfPUnUp1bK+PMYW8qSWdl9U+wwNWI4QKxOYDy9JAro3WMX7p2OeVRF9v+347pnakNevPmiHhNmZ2HbFA76w==",
      "funding": [
        {
          "type": "github",
          "url": "https://github.com/sponsors/ai"
        }
      ],
      "bin": {
        "nanoid": "bin/nanoid.cjs"
      },
      "engines": {
        "node": "^10 || ^12 || ^13.7 || ^14 || >=15.0.1"
      }
    },
    "node_modules/picocolors": {
      "version": "1.1.1",
      "resolved": "https://registry.npmjs.org/picocolors/-/picocolors-1.1.1.tgz",
      "integrity": "sha512-xceH2snhtb5M9liqDsmEw56le376mTZkEX/jEb/RxNFyegNul7eNslCXP9FDj/Lcu0X8KEyMceP2ntpaHrDEVA=="
    },
    "node_modules/postcss": {
      "version": "8.5.8",
      "resolved": "https://registry.npmjs.org/postcss/-/postcss-8.5.8.tgz",
      "integrity": "sha512-OW/rX8O/jXnm82Ey1k44pObPtdblfiuWnrd8X7GJ7emImCOstunGbXUpp7HdBrFQX6rJzn3sPT397Wp5aCwCHg==",
      "funding": [
        {
          "type": "opencollective",
          "url": "https://opencollective.com/postcss/"
        },
        {
          "type": "tidelift",
          "url": "https://tidelift.com/funding/github/npm/postcss"
        },
        {
          "type": "github",
          "url": "https://github.com/sponsors/ai"
        }
      ],
      "dependencies": {
        "nanoid": "^3.3.11",
        "picocolors": "^1.1.1",
        "source-map-js": "^1.2.1"
      },
      "engines": {
        "node": "^10 || ^12 || >=14"
      }
    },
    "node_modules/rrdom": {
      "version": "2.0.0-alpha.20",
      "resolved": "https://registry.npmjs.org/rrdom/-/rrdom-2.0.0-alpha.20.tgz",
      "integrity": "sha512-hoqjS4662LtBp82qEz9GrqU36UpEmCvTA2Hns3qdF7cklLFFy3G+0Th8hLytJENleHHWxsB5nWJ3eXz5mSRxdQ==",
      "dependencies": {
        "rrweb-snapshot": "^2.0.0-alpha.20"
      }
    },
    "node_modules/rrweb": {
      "version": "2.0.0-alpha.20",
      "resolved": "https://registry.npmjs.org/rrweb/-/rrweb-2.0.0-alpha.20.tgz",
      "integrity": "sha512-CZKDlm+j1VA50Ko3gnMbpvguCAleljsTNXPnVk9aeNP8o6T6kolRbISHyDZpqZ4G+bdDLlQOignPP3jEsXs8Gg==",
      "dependencies": {
        "@rrweb/types": "^2.0.0-alpha.20",
        "@rrweb/utils": "^2.0.0-alpha.20",
        "@types/css-font-loading-module": "0.0.7",
        "@xstate/fsm": "^1.4.0",
        "base64-arraybuffer": "^1.0.1",
        "mitt": "^3.0.0",
        "rrdom": "^2.0.0-alpha.20",
        "rrweb-snapshot": "^2.0.0-alpha.20"
      }
    },
    "node_modules/rrweb-snapshot": {
      "version": "2.0.0-alpha.20",
      "resolved": "https://registry.npmjs.org/rrweb-snapshot/-/rrweb-snapshot-2.0.0-alpha.20.tgz",
      "integrity": "sha512-YTNf9YVeaGRo/jxY3FKBge2c/Ojd/KTHmuWloUSB+oyPXuY73ZeeG873qMMmhIpqEn7hn7aBF1eWEQmP7wjf8A==",
      "dependencies": {
        "postcss": "^8.4.38"
      }
    },
    "node_modules/source-map-js": {
      "version": "1.2.1",
      "resolved": "https://registry.npmjs.org/source-map-js/-/source-map-js-1.2.1.tgz",
      "integrity": "sha512-UXWMKhLOwVKb728IUtQPXxfYU+usdybtUrK/8uGE8CQMvrhOpwvzDBwj0QhSL7MQc7vIsISBG8VQ8+IDQxpfQA==",
      "engines": {
        "node": ">=0.10.0"
      }
    }
  }
}
